
Microsoft Visual Studio Solution File, Format Version 12.00
# Visual Studio Version 16
VisualStudioVersion = 16.0.31005.135
MinimumVisualStudioVersion = 10.0.40219.1
Project("{FAE04EC0-301F-11D3-BF4B-00C04F79EFBC}") = "HersFlowers", "HersFlowers.csproj", "{DDFDA6A9-61A1-4833-8E14-BDE0145BA016}"
EndProject
Global
	GlobalSection(SolutionConfigurationPlatforms) = preSolution
		Debug|Any CPU = Debug|Any CPU
		Release|Any CPU = Release|Any CPU
	EndGlobalSection
	GlobalSection(ProjectConfigurationPlatforms) = postSolution
		{DDFDA6A9-61A1-4833-8E14-BDE0145BA016}.Debug|Any CPU.ActiveCfg = Debug|Any CPU
		{DDFDA6A9-61A1-4833-8E14-BDE0145BA016}.Debug|Any CPU.Build.0 = Debug|Any CPU
		{DDFDA6A9-61A1-4833-8E14-BDE0145BA016}.Release|Any CPU.ActiveCfg = Release|Any CPU
		{DDFDA6A9-61A1-4833-8E14-BDE0145BA016}.Release|Any CPU.Build.0 = Release|Any CPU
	EndGlobalSection
	GlobalSection(SolutionProperties) = preSolution
		HideSolutionNode = FALSE
	EndGlobalSection
	GlobalSection(ExtensibilityGlobals) = postSolution
		SolutionGuid = {8DE58EC1-6F2E-4ADB-B9C5-8C9AB18E5CAD}
	EndGlobalSection
EndGlobal
